// !$*UTF8*$!
{
	archiveVersion = 1;
	classes = {
	};
	objectVersion = 46;
	objects = {

/* Begin PBXBuildFile section */
		0236A3511C3DB2A200125BA9 /* Firebase.framework in Frameworks */ = {isa = PBXBuildFile; fileRef = 0236A34F1C3DB28100125BA9 /* Firebase.framework */; };
		0236A3551C3DB31E00125BA9 /* CFNetwork.framework in Frameworks */ = {isa = PBXBuildFile; fileRef = 0236A3541C3DB31E00125BA9 /* CFNetwork.framework */; };
		0236A3571C3DB32D00125BA9 /* Security.framework in Frameworks */ = {isa = PBXBuildFile; fileRef = 0236A3561C3DB32D00125BA9 /* Security.framework */; };
		0236A3591C3DB33700125BA9 /* libicucore.tbd in Frameworks */ = {isa = PBXBuildFile; fileRef = 0236A3581C3DB33700125BA9 /* libicucore.tbd */; };
		0236A35B1C3DB33E00125BA9 /* libc++.tbd in Frameworks */ = {isa = PBXBuildFile; fileRef = 0236A35A1C3DB33E00125BA9 /* libc++.tbd */; };
		0236A3611C3DB41000125BA9 /* FirebaseController.swift in Sources */ = {isa = PBXBuildFile; fileRef = 0236A3601C3DB41000125BA9 /* FirebaseController.swift */; };
		0236A3671C3DCA3900125BA9 /* CoreLocation.framework in Frameworks */ = {isa = PBXBuildFile; fileRef = 0236A3661C3DCA3900125BA9 /* CoreLocation.framework */; };
		0236A3711C3F192B00125BA9 /* Error.swift in Sources */ = {isa = PBXBuildFile; fileRef = 0236A3701C3F192B00125BA9 /* Error.swift */; };
		0237966A1C4421FC0090B858 /* GeoFireProtocol.swift in Sources */ = {isa = PBXBuildFile; fileRef = 023796691C4421FC0090B858 /* GeoFireProtocol.swift */; };
		028A3E9C1C3F33A400B9FC3F /* GeoFire.m in Sources */ = {isa = PBXBuildFile; fileRef = 028A3E931C3F33A400B9FC3F /* GeoFire.m */; };
		028A3E9D1C3F33A400B9FC3F /* GFQuery.m in Sources */ = {isa = PBXBuildFile; fileRef = 028A3E951C3F33A400B9FC3F /* GFQuery.m */; };
		028A3E9E1C3F33A400B9FC3F /* GFBase32Utils.m in Sources */ = {isa = PBXBuildFile; fileRef = 028A3E971C3F33A400B9FC3F /* GFBase32Utils.m */; };
		028A3E9F1C3F33A400B9FC3F /* GFGeoHash.m in Sources */ = {isa = PBXBuildFile; fileRef = 028A3E991C3F33A400B9FC3F /* GFGeoHash.m */; };
		028A3EA01C3F33A400B9FC3F /* GFGeoHashQuery.m in Sources */ = {isa = PBXBuildFile; fileRef = 028A3E9B1C3F33A400B9FC3F /* GFGeoHashQuery.m */; };
		02E9B17A1C45EC29004627D3 /* LocationExtension.swift in Sources */ = {isa = PBXBuildFile; fileRef = 02E9B1791C45EC29004627D3 /* LocationExtension.swift */; };
		02E9B1A01C48132C004627D3 /* DoubleExtension.swift in Sources */ = {isa = PBXBuildFile; fileRef = 02E9B19F1C48132C004627D3 /* DoubleExtension.swift */; };
		100B8DAF1C3EFEF5005C45E4 /* BarController.swift in Sources */ = {isa = PBXBuildFile; fileRef = 100B8DAE1C3EFEF5005C45E4 /* BarController.swift */; };
		100B8DB11C3EFF96005C45E4 /* NetworkController.swift in Sources */ = {isa = PBXBuildFile; fileRef = 100B8DB01C3EFF96005C45E4 /* NetworkController.swift */; };
		100B8DB51C3F419A005C45E4 /* CustomPin.swift in Sources */ = {isa = PBXBuildFile; fileRef = 100B8DB41C3F419A005C45E4 /* CustomPin.swift */; };
		1069A5251C3C4A580018D28F /* AppDelegate.swift in Sources */ = {isa = PBXBuildFile; fileRef = 1069A5241C3C4A580018D28F /* AppDelegate.swift */; };
		1069A52A1C3C4A580018D28F /* Main.storyboard in Resources */ = {isa = PBXBuildFile; fileRef = 1069A5281C3C4A580018D28F /* Main.storyboard */; };
		1069A52C1C3C4A580018D28F /* Assets.xcassets in Resources */ = {isa = PBXBuildFile; fileRef = 1069A52B1C3C4A580018D28F /* Assets.xcassets */; };
		1069A52F1C3C4A580018D28F /* LaunchScreen.storyboard in Resources */ = {isa = PBXBuildFile; fileRef = 1069A52D1C3C4A580018D28F /* LaunchScreen.storyboard */; };
		1069A5371C3D81B90018D28F /* LoginViewController.swift in Sources */ = {isa = PBXBuildFile; fileRef = 1069A5361C3D81B90018D28F /* LoginViewController.swift */; };
		1069A53A1C3D81CE0018D28F /* SignupViewController.swift in Sources */ = {isa = PBXBuildFile; fileRef = 1069A5391C3D81CE0018D28F /* SignupViewController.swift */; };
		1069A53C1C3D82760018D28F /* TabBarController.swift in Sources */ = {isa = PBXBuildFile; fileRef = 1069A53B1C3D82760018D28F /* TabBarController.swift */; };
		1069A53F1C3D82910018D28F /* MapViewController.swift in Sources */ = {isa = PBXBuildFile; fileRef = 1069A53E1C3D82910018D28F /* MapViewController.swift */; };
		1069A5411C3D82A80018D28F /* BarFeedViewController.swift in Sources */ = {isa = PBXBuildFile; fileRef = 1069A5401C3D82A80018D28F /* BarFeedViewController.swift */; };
		1069A5431C3D840F0018D28F /* PostDetailViewController.swift in Sources */ = {isa = PBXBuildFile; fileRef = 1069A5421C3D840F0018D28F /* PostDetailViewController.swift */; };
		1069A5451C3D84270018D28F /* SelectLocationViewController.swift in Sources */ = {isa = PBXBuildFile; fileRef = 1069A5441C3D84270018D28F /* SelectLocationViewController.swift */; };
		1069A5471C3D84A40018D28F /* NewPostTableTableViewController.swift in Sources */ = {isa = PBXBuildFile; fileRef = 1069A5461C3D84A40018D28F /* NewPostTableTableViewController.swift */; };
		1069A5491C3D869B0018D28F /* SettingsTableViewController.swift in Sources */ = {isa = PBXBuildFile; fileRef = 1069A5481C3D869B0018D28F /* SettingsTableViewController.swift */; };
		1069A54C1C3D92100018D28F /* CommentTableViewCell.swift in Sources */ = {isa = PBXBuildFile; fileRef = 1069A54B1C3D92100018D28F /* CommentTableViewCell.swift */; };
		1069A54E1C3D921F0018D28F /* PostTableViewCell.swift in Sources */ = {isa = PBXBuildFile; fileRef = 1069A54D1C3D921F0018D28F /* PostTableViewCell.swift */; };
		6AE39CFBFA9CA1014E052E26 /* libPods.a in Frameworks */ = {isa = PBXBuildFile; fileRef = 67669B67958EF44FAAB71027 /* libPods.a */; };
		DE6F1F2A1C40644E001E8356 /* IntExtension.swift in Sources */ = {isa = PBXBuildFile; fileRef = DE6F1F291C40644E001E8356 /* IntExtension.swift */; };
		DE6F1F2E1C40762C001E8356 /* AddProfilePhotoViewController.swift in Sources */ = {isa = PBXBuildFile; fileRef = DE6F1F2D1C40762C001E8356 /* AddProfilePhotoViewController.swift */; };
		DEC8C5CC1C45A0FE00A6C5C1 /* AddCommentTableViewCell.swift in Sources */ = {isa = PBXBuildFile; fileRef = DEC8C5CB1C45A0FE00A6C5C1 /* AddCommentTableViewCell.swift */; };
		DED6E5B31C3DBFE2005E17D8 /* LikeController.swift in Sources */ = {isa = PBXBuildFile; fileRef = DED6E5B21C3DBFE2005E17D8 /* LikeController.swift */; };
		DED6E5B81C3DBFFC005E17D8 /* CommentController.swift in Sources */ = {isa = PBXBuildFile; fileRef = DED6E5B41C3DBFFC005E17D8 /* CommentController.swift */; };
		DED6E5B91C3DBFFC005E17D8 /* PostController.swift in Sources */ = {isa = PBXBuildFile; fileRef = DED6E5B51C3DBFFC005E17D8 /* PostController.swift */; };
		DED6E5BA1C3DBFFC005E17D8 /* UserController.swift in Sources */ = {isa = PBXBuildFile; fileRef = DED6E5B61C3DBFFC005E17D8 /* UserController.swift */; };
		DED6E5BD1C3DC752005E17D8 /* ImageController.swift in Sources */ = {isa = PBXBuildFile; fileRef = DED6E5BC1C3DC752005E17D8 /* ImageController.swift */; };
		DED6E5C21C3DE294005E17D8 /* ErrorHandling.swift in Sources */ = {isa = PBXBuildFile; fileRef = DED6E5C11C3DE294005E17D8 /* ErrorHandling.swift */; };
		DED6E5CA1C3DF19F005E17D8 /* UIViewControllerExtension.swift in Sources */ = {isa = PBXBuildFile; fileRef = DED6E5C91C3DF19F005E17D8 /* UIViewControllerExtension.swift */; };
		E67F0F181C3DB54600785F12 /* Bar.swift in Sources */ = {isa = PBXBuildFile; fileRef = E67F0F171C3DB54600785F12 /* Bar.swift */; };
		E67F0F1A1C3DB5C700785F12 /* Comment.swift in Sources */ = {isa = PBXBuildFile; fileRef = E67F0F191C3DB5C700785F12 /* Comment.swift */; };
		E67F0F1C1C3DB60F00785F12 /* Like.swift in Sources */ = {isa = PBXBuildFile; fileRef = E67F0F1B1C3DB60F00785F12 /* Like.swift */; };
		E67F0F1E1C3DB61F00785F12 /* Post.swift in Sources */ = {isa = PBXBuildFile; fileRef = E67F0F1D1C3DB61F00785F12 /* Post.swift */; };
		E67F0F211C3DB69A00785F12 /* DateExtension.swift in Sources */ = {isa = PBXBuildFile; fileRef = E67F0F201C3DB69A00785F12 /* DateExtension.swift */; };
		E67F0F231C3DB6AB00785F12 /* StringExtension.swift in Sources */ = {isa = PBXBuildFile; fileRef = E67F0F221C3DB6AB00785F12 /* StringExtension.swift */; };
		E67F0F251C3DB70200785F12 /* User.swift in Sources */ = {isa = PBXBuildFile; fileRef = E67F0F241C3DB70200785F12 /* User.swift */; };
/* End PBXBuildFile section */

/* Begin PBXCopyFilesBuildPhase section */
		0236A3531C3DB2A200125BA9 /* Embed Frameworks */ = {
			isa = PBXCopyFilesBuildPhase;
			buildActionMask = 2147483647;
			dstPath = "";
			dstSubfolderSpec = 10;
			files = (
			);
			name = "Embed Frameworks";
			runOnlyForDeploymentPostprocessing = 0;
		};
/* End PBXCopyFilesBuildPhase section */

/* Begin PBXFileReference section */
		0236A34F1C3DB28100125BA9 /* Firebase.framework */ = {isa = PBXFileReference; lastKnownFileType = wrapper.framework; path = Firebase.framework; sourceTree = "<group>"; };
		0236A3541C3DB31E00125BA9 /* CFNetwork.framework */ = {isa = PBXFileReference; lastKnownFileType = wrapper.framework; name = CFNetwork.framework; path = System/Library/Frameworks/CFNetwork.framework; sourceTree = SDKROOT; };
		0236A3561C3DB32D00125BA9 /* Security.framework */ = {isa = PBXFileReference; lastKnownFileType = wrapper.framework; name = Security.framework; path = System/Library/Frameworks/Security.framework; sourceTree = SDKROOT; };
		0236A3581C3DB33700125BA9 /* libicucore.tbd */ = {isa = PBXFileReference; lastKnownFileType = "sourcecode.text-based-dylib-definition"; name = libicucore.tbd; path = usr/lib/libicucore.tbd; sourceTree = SDKROOT; };
		0236A35A1C3DB33E00125BA9 /* libc++.tbd */ = {isa = PBXFileReference; lastKnownFileType = "sourcecode.text-based-dylib-definition"; name = "libc++.tbd"; path = "usr/lib/libc++.tbd"; sourceTree = SDKROOT; };
		0236A35C1C3DB3D600125BA9 /* SystemConfiguration.framework */ = {isa = PBXFileReference; lastKnownFileType = wrapper.framework; name = SystemConfiguration.framework; path = System/Library/Frameworks/SystemConfiguration.framework; sourceTree = SDKROOT; };
		0236A3601C3DB41000125BA9 /* FirebaseController.swift */ = {isa = PBXFileReference; fileEncoding = 4; lastKnownFileType = sourcecode.swift; path = FirebaseController.swift; sourceTree = "<group>"; };
		0236A3661C3DCA3900125BA9 /* CoreLocation.framework */ = {isa = PBXFileReference; lastKnownFileType = wrapper.framework; name = CoreLocation.framework; path = System/Library/Frameworks/CoreLocation.framework; sourceTree = SDKROOT; };
		0236A3701C3F192B00125BA9 /* Error.swift */ = {isa = PBXFileReference; fileEncoding = 4; lastKnownFileType = sourcecode.swift; path = Error.swift; sourceTree = "<group>"; };
		023796691C4421FC0090B858 /* GeoFireProtocol.swift */ = {isa = PBXFileReference; fileEncoding = 4; lastKnownFileType = sourcecode.swift; path = GeoFireProtocol.swift; sourceTree = "<group>"; };
		028A3E891C3F2E1F00B9FC3F /* PubFeed-Bridging-Header.h */ = {isa = PBXFileReference; lastKnownFileType = sourcecode.c.h; path = "PubFeed-Bridging-Header.h"; sourceTree = "<group>"; };
		028A3E8D1C3F338F00B9FC3F /* GeoFire-Prefix.pch */ = {isa = PBXFileReference; lastKnownFileType = sourcecode.c.h; path = "GeoFire-Prefix.pch"; sourceTree = "<group>"; };
		028A3E8E1C3F339900B9FC3F /* GeoFire.h */ = {isa = PBXFileReference; lastKnownFileType = sourcecode.c.h; path = GeoFire.h; sourceTree = "<group>"; };
		028A3E8F1C3F339900B9FC3F /* GFQuery.h */ = {isa = PBXFileReference; lastKnownFileType = sourcecode.c.h; path = GFQuery.h; sourceTree = "<group>"; };
		028A3E901C3F339900B9FC3F /* GFCircleQuery.h */ = {isa = PBXFileReference; lastKnownFileType = sourcecode.c.h; path = GFCircleQuery.h; sourceTree = "<group>"; };
		028A3E911C3F339900B9FC3F /* GFRegionQuery.h */ = {isa = PBXFileReference; lastKnownFileType = sourcecode.c.h; path = GFRegionQuery.h; sourceTree = "<group>"; };
		028A3E921C3F33A400B9FC3F /* GeoFire+Private.h */ = {isa = PBXFileReference; fileEncoding = 4; lastKnownFileType = sourcecode.c.h; path = "GeoFire+Private.h"; sourceTree = "<group>"; };
		028A3E931C3F33A400B9FC3F /* GeoFire.m */ = {isa = PBXFileReference; fileEncoding = 4; lastKnownFileType = sourcecode.c.objc; path = GeoFire.m; sourceTree = "<group>"; };
		028A3E941C3F33A400B9FC3F /* GFQuery+Private.h */ = {isa = PBXFileReference; fileEncoding = 4; lastKnownFileType = sourcecode.c.h; path = "GFQuery+Private.h"; sourceTree = "<group>"; };
		028A3E951C3F33A400B9FC3F /* GFQuery.m */ = {isa = PBXFileReference; fileEncoding = 4; lastKnownFileType = sourcecode.c.objc; path = GFQuery.m; sourceTree = "<group>"; };
		028A3E961C3F33A400B9FC3F /* GFBase32Utils.h */ = {isa = PBXFileReference; fileEncoding = 4; lastKnownFileType = sourcecode.c.h; path = GFBase32Utils.h; sourceTree = "<group>"; };
		028A3E971C3F33A400B9FC3F /* GFBase32Utils.m */ = {isa = PBXFileReference; fileEncoding = 4; lastKnownFileType = sourcecode.c.objc; path = GFBase32Utils.m; sourceTree = "<group>"; };
		028A3E981C3F33A400B9FC3F /* GFGeoHash.h */ = {isa = PBXFileReference; fileEncoding = 4; lastKnownFileType = sourcecode.c.h; path = GFGeoHash.h; sourceTree = "<group>"; };
		028A3E991C3F33A400B9FC3F /* GFGeoHash.m */ = {isa = PBXFileReference; fileEncoding = 4; lastKnownFileType = sourcecode.c.objc; path = GFGeoHash.m; sourceTree = "<group>"; };
		028A3E9A1C3F33A400B9FC3F /* GFGeoHashQuery.h */ = {isa = PBXFileReference; fileEncoding = 4; lastKnownFileType = sourcecode.c.h; path = GFGeoHashQuery.h; sourceTree = "<group>"; };
		028A3E9B1C3F33A400B9FC3F /* GFGeoHashQuery.m */ = {isa = PBXFileReference; fileEncoding = 4; lastKnownFileType = sourcecode.c.objc; path = GFGeoHashQuery.m; sourceTree = "<group>"; };
		02E9B1791C45EC29004627D3 /* LocationExtension.swift */ = {isa = PBXFileReference; fileEncoding = 4; lastKnownFileType = sourcecode.swift; path = LocationExtension.swift; sourceTree = "<group>"; };
		02E9B19F1C48132C004627D3 /* DoubleExtension.swift */ = {isa = PBXFileReference; fileEncoding = 4; lastKnownFileType = sourcecode.swift; path = DoubleExtension.swift; sourceTree = "<group>"; };
		100B8DAE1C3EFEF5005C45E4 /* BarController.swift */ = {isa = PBXFileReference; fileEncoding = 4; lastKnownFileType = sourcecode.swift; name = BarController.swift; path = ../BarController.swift; sourceTree = "<group>"; };
		100B8DB01C3EFF96005C45E4 /* NetworkController.swift */ = {isa = PBXFileReference; fileEncoding = 4; lastKnownFileType = sourcecode.swift; path = NetworkController.swift; sourceTree = "<group>"; };
		100B8DB41C3F419A005C45E4 /* CustomPin.swift */ = {isa = PBXFileReference; fileEncoding = 4; lastKnownFileType = sourcecode.swift; name = CustomPin.swift; path = ../CustomPin.swift; sourceTree = "<group>"; };
		1069A5211C3C4A580018D28F /* PubFeed.app */ = {isa = PBXFileReference; explicitFileType = wrapper.application; includeInIndex = 0; path = PubFeed.app; sourceTree = BUILT_PRODUCTS_DIR; };
		1069A5241C3C4A580018D28F /* AppDelegate.swift */ = {isa = PBXFileReference; lastKnownFileType = sourcecode.swift; path = AppDelegate.swift; sourceTree = "<group>"; };
		1069A5291C3C4A580018D28F /* Base */ = {isa = PBXFileReference; lastKnownFileType = file.storyboard; name = Base; path = Base.lproj/Main.storyboard; sourceTree = "<group>"; };
		1069A52B1C3C4A580018D28F /* Assets.xcassets */ = {isa = PBXFileReference; lastKnownFileType = folder.assetcatalog; path = Assets.xcassets; sourceTree = "<group>"; };
		1069A52E1C3C4A580018D28F /* Base */ = {isa = PBXFileReference; lastKnownFileType = file.storyboard; name = Base; path = Base.lproj/LaunchScreen.storyboard; sourceTree = "<group>"; };
		1069A5301C3C4A580018D28F /* Info.plist */ = {isa = PBXFileReference; lastKnownFileType = text.plist.xml; path = Info.plist; sourceTree = "<group>"; };
		1069A5361C3D81B90018D28F /* LoginViewController.swift */ = {isa = PBXFileReference; fileEncoding = 4; lastKnownFileType = sourcecode.swift; path = LoginViewController.swift; sourceTree = "<group>"; };
		1069A5391C3D81CE0018D28F /* SignupViewController.swift */ = {isa = PBXFileReference; fileEncoding = 4; lastKnownFileType = sourcecode.swift; path = SignupViewController.swift; sourceTree = "<group>"; };
		1069A53B1C3D82760018D28F /* TabBarController.swift */ = {isa = PBXFileReference; fileEncoding = 4; lastKnownFileType = sourcecode.swift; path = TabBarController.swift; sourceTree = "<group>"; };
		1069A53E1C3D82910018D28F /* MapViewController.swift */ = {isa = PBXFileReference; fileEncoding = 4; lastKnownFileType = sourcecode.swift; path = MapViewController.swift; sourceTree = "<group>"; };
		1069A5401C3D82A80018D28F /* BarFeedViewController.swift */ = {isa = PBXFileReference; fileEncoding = 4; lastKnownFileType = sourcecode.swift; path = BarFeedViewController.swift; sourceTree = "<group>"; };
		1069A5421C3D840F0018D28F /* PostDetailViewController.swift */ = {isa = PBXFileReference; fileEncoding = 4; lastKnownFileType = sourcecode.swift; path = PostDetailViewController.swift; sourceTree = "<group>"; };
		1069A5441C3D84270018D28F /* SelectLocationViewController.swift */ = {isa = PBXFileReference; fileEncoding = 4; lastKnownFileType = sourcecode.swift; path = SelectLocationViewController.swift; sourceTree = "<group>"; };
		1069A5461C3D84A40018D28F /* NewPostTableTableViewController.swift */ = {isa = PBXFileReference; fileEncoding = 4; lastKnownFileType = sourcecode.swift; path = NewPostTableTableViewController.swift; sourceTree = "<group>"; };
		1069A5481C3D869B0018D28F /* SettingsTableViewController.swift */ = {isa = PBXFileReference; fileEncoding = 4; lastKnownFileType = sourcecode.swift; path = SettingsTableViewController.swift; sourceTree = "<group>"; };
		1069A54B1C3D92100018D28F /* CommentTableViewCell.swift */ = {isa = PBXFileReference; fileEncoding = 4; lastKnownFileType = sourcecode.swift; path = CommentTableViewCell.swift; sourceTree = "<group>"; };
		1069A54D1C3D921F0018D28F /* PostTableViewCell.swift */ = {isa = PBXFileReference; fileEncoding = 4; lastKnownFileType = sourcecode.swift; path = PostTableViewCell.swift; sourceTree = "<group>"; };
		1C724CBDC9338D547B6CD7A3 /* Pods.debug.xcconfig */ = {isa = PBXFileReference; includeInIndex = 1; lastKnownFileType = text.xcconfig; name = Pods.debug.xcconfig; path = "Pods/Target Support Files/Pods/Pods.debug.xcconfig"; sourceTree = "<group>"; };
		67669B67958EF44FAAB71027 /* libPods.a */ = {isa = PBXFileReference; explicitFileType = archive.ar; includeInIndex = 0; path = libPods.a; sourceTree = BUILT_PRODUCTS_DIR; };
		DE6F1F291C40644E001E8356 /* IntExtension.swift */ = {isa = PBXFileReference; fileEncoding = 4; lastKnownFileType = sourcecode.swift; path = IntExtension.swift; sourceTree = "<group>"; };
		DE6F1F2D1C40762C001E8356 /* AddProfilePhotoViewController.swift */ = {isa = PBXFileReference; fileEncoding = 4; lastKnownFileType = sourcecode.swift; path = AddProfilePhotoViewController.swift; sourceTree = "<group>"; };
		DEC8C5CB1C45A0FE00A6C5C1 /* AddCommentTableViewCell.swift */ = {isa = PBXFileReference; fileEncoding = 4; lastKnownFileType = sourcecode.swift; path = AddCommentTableViewCell.swift; sourceTree = "<group>"; };
		DED6E5B21C3DBFE2005E17D8 /* LikeController.swift */ = {isa = PBXFileReference; fileEncoding = 4; lastKnownFileType = sourcecode.swift; path = LikeController.swift; sourceTree = "<group>"; };
		DED6E5B41C3DBFFC005E17D8 /* CommentController.swift */ = {isa = PBXFileReference; fileEncoding = 4; lastKnownFileType = sourcecode.swift; path = CommentController.swift; sourceTree = "<group>"; };
		DED6E5B51C3DBFFC005E17D8 /* PostController.swift */ = {isa = PBXFileReference; fileEncoding = 4; lastKnownFileType = sourcecode.swift; path = PostController.swift; sourceTree = "<group>"; };
		DED6E5B61C3DBFFC005E17D8 /* UserController.swift */ = {isa = PBXFileReference; fileEncoding = 4; lastKnownFileType = sourcecode.swift; path = UserController.swift; sourceTree = "<group>"; };
		DED6E5BC1C3DC752005E17D8 /* ImageController.swift */ = {isa = PBXFileReference; fileEncoding = 4; lastKnownFileType = sourcecode.swift; path = ImageController.swift; sourceTree = "<group>"; };
		DED6E5C11C3DE294005E17D8 /* ErrorHandling.swift */ = {isa = PBXFileReference; fileEncoding = 4; lastKnownFileType = sourcecode.swift; path = ErrorHandling.swift; sourceTree = "<group>"; };
		DED6E5C91C3DF19F005E17D8 /* UIViewControllerExtension.swift */ = {isa = PBXFileReference; fileEncoding = 4; lastKnownFileType = sourcecode.swift; path = UIViewControllerExtension.swift; sourceTree = "<group>"; };
		E67F0F171C3DB54600785F12 /* Bar.swift */ = {isa = PBXFileReference; fileEncoding = 4; lastKnownFileType = sourcecode.swift; path = Bar.swift; sourceTree = "<group>"; };
		E67F0F191C3DB5C700785F12 /* Comment.swift */ = {isa = PBXFileReference; fileEncoding = 4; lastKnownFileType = sourcecode.swift; path = Comment.swift; sourceTree = "<group>"; };
		E67F0F1B1C3DB60F00785F12 /* Like.swift */ = {isa = PBXFileReference; fileEncoding = 4; lastKnownFileType = sourcecode.swift; path = Like.swift; sourceTree = "<group>"; };
		E67F0F1D1C3DB61F00785F12 /* Post.swift */ = {isa = PBXFileReference; fileEncoding = 4; lastKnownFileType = sourcecode.swift; path = Post.swift; sourceTree = "<group>"; };
		E67F0F201C3DB69A00785F12 /* DateExtension.swift */ = {isa = PBXFileReference; fileEncoding = 4; lastKnownFileType = sourcecode.swift; path = DateExtension.swift; sourceTree = "<group>"; };
		E67F0F221C3DB6AB00785F12 /* StringExtension.swift */ = {isa = PBXFileReference; fileEncoding = 4; lastKnownFileType = sourcecode.swift; path = StringExtension.swift; sourceTree = "<group>"; };
		E67F0F241C3DB70200785F12 /* User.swift */ = {isa = PBXFileReference; fileEncoding = 4; lastKnownFileType = sourcecode.swift; path = User.swift; sourceTree = "<group>"; };
		EC380EC15DACCA1F388C2727 /* Pods.release.xcconfig */ = {isa = PBXFileReference; includeInIndex = 1; lastKnownFileType = text.xcconfig; name = Pods.release.xcconfig; path = "Pods/Target Support Files/Pods/Pods.release.xcconfig"; sourceTree = "<group>"; };
/* End PBXFileReference section */

/* Begin PBXFrameworksBuildPhase section */
		1069A51E1C3C4A580018D28F /* Frameworks */ = {
			isa = PBXFrameworksBuildPhase;
			buildActionMask = 2147483647;
			files = (
				0236A3671C3DCA3900125BA9 /* CoreLocation.framework in Frameworks */,
				0236A35B1C3DB33E00125BA9 /* libc++.tbd in Frameworks */,
				0236A3591C3DB33700125BA9 /* libicucore.tbd in Frameworks */,
				0236A3571C3DB32D00125BA9 /* Security.framework in Frameworks */,
				0236A3551C3DB31E00125BA9 /* CFNetwork.framework in Frameworks */,
				0236A3511C3DB2A200125BA9 /* Firebase.framework in Frameworks */,
				6AE39CFBFA9CA1014E052E26 /* libPods.a in Frameworks */,
			);
			runOnlyForDeploymentPostprocessing = 0;
		};
/* End PBXFrameworksBuildPhase section */

/* Begin PBXGroup section */
		0236A35E1C3DB3DB00125BA9 /* FirebaseFramework */ = {
			isa = PBXGroup;
			children = (
				0236A35C1C3DB3D600125BA9 /* SystemConfiguration.framework */,
				0236A35A1C3DB33E00125BA9 /* libc++.tbd */,
				0236A3581C3DB33700125BA9 /* libicucore.tbd */,
				0236A3561C3DB32D00125BA9 /* Security.framework */,
				0236A3541C3DB31E00125BA9 /* CFNetwork.framework */,
				0236A34F1C3DB28100125BA9 /* Firebase.framework */,
			);
			name = FirebaseFramework;
			sourceTree = "<group>";
		};
		0236A35F1C3DB3F200125BA9 /* Controllers */ = {
			isa = PBXGroup;
			children = (
				DED6E5B61C3DBFFC005E17D8 /* UserController.swift */,
				DED6E5B51C3DBFFC005E17D8 /* PostController.swift */,
				DED6E5BC1C3DC752005E17D8 /* ImageController.swift */,
				DED6E5B21C3DBFE2005E17D8 /* LikeController.swift */,
				DED6E5B41C3DBFFC005E17D8 /* CommentController.swift */,
				0236A3601C3DB41000125BA9 /* FirebaseController.swift */,
				023796691C4421FC0090B858 /* GeoFireProtocol.swift */,
				100B8DAE1C3EFEF5005C45E4 /* BarController.swift */,
				100B8DB01C3EFF96005C45E4 /* NetworkController.swift */,
			);
			name = Controllers;
			sourceTree = "<group>";
		};
		028A3E8C1C3F331600B9FC3F /* GeoFire */ = {
			isa = PBXGroup;
			children = (
				028A3E921C3F33A400B9FC3F /* GeoFire+Private.h */,
				028A3E931C3F33A400B9FC3F /* GeoFire.m */,
				028A3E941C3F33A400B9FC3F /* GFQuery+Private.h */,
				028A3E951C3F33A400B9FC3F /* GFQuery.m */,
				028A3E961C3F33A400B9FC3F /* GFBase32Utils.h */,
				028A3E971C3F33A400B9FC3F /* GFBase32Utils.m */,
				028A3E981C3F33A400B9FC3F /* GFGeoHash.h */,
				028A3E991C3F33A400B9FC3F /* GFGeoHash.m */,
				028A3E9A1C3F33A400B9FC3F /* GFGeoHashQuery.h */,
				028A3E9B1C3F33A400B9FC3F /* GFGeoHashQuery.m */,
				028A3E8E1C3F339900B9FC3F /* GeoFire.h */,
				028A3E8F1C3F339900B9FC3F /* GFQuery.h */,
				028A3E901C3F339900B9FC3F /* GFCircleQuery.h */,
				028A3E911C3F339900B9FC3F /* GFRegionQuery.h */,
				028A3E8D1C3F338F00B9FC3F /* GeoFire-Prefix.pch */,
			);
			name = GeoFire;
			path = ..;
			sourceTree = "<group>";
		};
		1069A5181C3C4A580018D28F = {
			isa = PBXGroup;
			children = (
				1069A5231C3C4A580018D28F /* PubFeed */,
				DED6E5BE1C3DDE3D005E17D8 /* Framework */,
				1069A5221C3C4A580018D28F /* Products */,
				B48D9811BC6BB65226D349DD /* Pods */,
				1A4943FBB2315D276982ABB2 /* Frameworks */,
			);
			sourceTree = "<group>";
		};
		1069A5221C3C4A580018D28F /* Products */ = {
			isa = PBXGroup;
			children = (
				1069A5211C3C4A580018D28F /* PubFeed.app */,
			);
			name = Products;
			sourceTree = "<group>";
		};
		1069A5231C3C4A580018D28F /* PubFeed */ = {
			isa = PBXGroup;
			children = (
				1069A5241C3C4A580018D28F /* AppDelegate.swift */,
				1069A5281C3C4A580018D28F /* Main.storyboard */,
				E67F0F1F1C3DB65F00785F12 /* Extensions */,
				E67F0F121C3DB3E300785F12 /* Models */,
				0236A35F1C3DB3F200125BA9 /* Controllers */,
				1069A5381C3D81C00018D28F /* Views */,
				1069A52B1C3C4A580018D28F /* Assets.xcassets */,
				1069A52D1C3C4A580018D28F /* LaunchScreen.storyboard */,
				1069A5301C3C4A580018D28F /* Info.plist */,
				028A3E891C3F2E1F00B9FC3F /* PubFeed-Bridging-Header.h */,
				028A3E8C1C3F331600B9FC3F /* GeoFire */,
			);
			path = PubFeed;
			sourceTree = "<group>";
		};
		1069A5381C3D81C00018D28F /* Views */ = {
			isa = PBXGroup;
			children = (
				1069A54A1C3D90480018D28F /* Login/Signup Views */,
				1069A54F1C3D92230018D28F /* Bar Feed */,
				1069A5501C3D922B0018D28F /* Post Detail */,
				1069A53E1C3D82910018D28F /* MapViewController.swift */,
				100B8DB41C3F419A005C45E4 /* CustomPin.swift */,
				1069A5441C3D84270018D28F /* SelectLocationViewController.swift */,
				1069A5461C3D84A40018D28F /* NewPostTableTableViewController.swift */,
				1069A5481C3D869B0018D28F /* SettingsTableViewController.swift */,
				1069A53D1C3D827C0018D28F /* Custom Tab Bar */,
			);
			name = Views;
			sourceTree = "<group>";
		};
		1069A53D1C3D827C0018D28F /* Custom Tab Bar */ = {
			isa = PBXGroup;
			children = (
				1069A53B1C3D82760018D28F /* TabBarController.swift */,
			);
			name = "Custom Tab Bar";
			sourceTree = "<group>";
		};
		1069A54A1C3D90480018D28F /* Login/Signup Views */ = {
			isa = PBXGroup;
			children = (
				1069A5361C3D81B90018D28F /* LoginViewController.swift */,
				1069A5391C3D81CE0018D28F /* SignupViewController.swift */,
				DE6F1F2D1C40762C001E8356 /* AddProfilePhotoViewController.swift */,
			);
			name = "Login/Signup Views";
			sourceTree = "<group>";
		};
		1069A54F1C3D92230018D28F /* Bar Feed */ = {
			isa = PBXGroup;
			children = (
				1069A5401C3D82A80018D28F /* BarFeedViewController.swift */,
				1069A54D1C3D921F0018D28F /* PostTableViewCell.swift */,
			);
			name = "Bar Feed";
			sourceTree = "<group>";
		};
		1069A5501C3D922B0018D28F /* Post Detail */ = {
			isa = PBXGroup;
			children = (
				1069A5421C3D840F0018D28F /* PostDetailViewController.swift */,
				1069A54B1C3D92100018D28F /* CommentTableViewCell.swift */,
				DEC8C5CB1C45A0FE00A6C5C1 /* AddCommentTableViewCell.swift */,
			);
			name = "Post Detail";
			sourceTree = "<group>";
		};
		1A4943FBB2315D276982ABB2 /* Frameworks */ = {
			isa = PBXGroup;
			children = (
				67669B67958EF44FAAB71027 /* libPods.a */,
			);
			name = Frameworks;
			sourceTree = "<group>";
		};
		B48D9811BC6BB65226D349DD /* Pods */ = {
			isa = PBXGroup;
			children = (
				1C724CBDC9338D547B6CD7A3 /* Pods.debug.xcconfig */,
				EC380EC15DACCA1F388C2727 /* Pods.release.xcconfig */,
			);
			name = Pods;
			sourceTree = "<group>";
		};
		DED6E5BE1C3DDE3D005E17D8 /* Framework */ = {
			isa = PBXGroup;
			children = (
				0236A35E1C3DB3DB00125BA9 /* FirebaseFramework */,
				0236A3661C3DCA3900125BA9 /* CoreLocation.framework */,
			);
			name = Framework;
			sourceTree = "<group>";
		};
		E67F0F121C3DB3E300785F12 /* Models */ = {
			isa = PBXGroup;
			children = (
				E67F0F171C3DB54600785F12 /* Bar.swift */,
				E67F0F191C3DB5C700785F12 /* Comment.swift */,
				E67F0F1B1C3DB60F00785F12 /* Like.swift */,
				E67F0F1D1C3DB61F00785F12 /* Post.swift */,
				E67F0F241C3DB70200785F12 /* User.swift */,
			);
			name = Models;
			sourceTree = "<group>";
		};
		E67F0F1F1C3DB65F00785F12 /* Extensions */ = {
			isa = PBXGroup;
			children = (
				DED6E5C91C3DF19F005E17D8 /* UIViewControllerExtension.swift */,
				E67F0F201C3DB69A00785F12 /* DateExtension.swift */,
				E67F0F221C3DB6AB00785F12 /* StringExtension.swift */,
				02E9B19F1C48132C004627D3 /* DoubleExtension.swift */,
				02E9B1791C45EC29004627D3 /* LocationExtension.swift */,
				0236A3701C3F192B00125BA9 /* Error.swift */,
				DE6F1F291C40644E001E8356 /* IntExtension.swift */,
				DED6E5C11C3DE294005E17D8 /* ErrorHandling.swift */,
			);
			name = Extensions;
			sourceTree = "<group>";
		};
/* End PBXGroup section */

/* Begin PBXNativeTarget section */
		1069A5201C3C4A580018D28F /* PubFeed */ = {
			isa = PBXNativeTarget;
			buildConfigurationList = 1069A5331C3C4A580018D28F /* Build configuration list for PBXNativeTarget "PubFeed" */;
			buildPhases = (
				9E52E6E7963E654483C4D49F /* Check Pods Manifest.lock */,
				1069A51D1C3C4A580018D28F /* Sources */,
				1069A51E1C3C4A580018D28F /* Frameworks */,
				1069A51F1C3C4A580018D28F /* Resources */,
				0236A3531C3DB2A200125BA9 /* Embed Frameworks */,
				CDBBFA8FA062E5CF953CCF58 /* Embed Pods Frameworks */,
				D7E40830383D4AC055643F9E /* Copy Pods Resources */,
			);
			buildRules = (
			);
			dependencies = (
			);
			name = PubFeed;
			productName = PubFeed;
			productReference = 1069A5211C3C4A580018D28F /* PubFeed.app */;
			productType = "com.apple.product-type.application";
		};
/* End PBXNativeTarget section */

/* Begin PBXProject section */
		1069A5191C3C4A580018D28F /* Project object */ = {
			isa = PBXProject;
			attributes = {
				LastSwiftUpdateCheck = 0720;
				LastUpgradeCheck = 0710;
				ORGANIZATIONNAME = "Mike Gilroy";
				TargetAttributes = {
					1069A5201C3C4A580018D28F = {
						CreatedOnToolsVersion = 7.1;
						DevelopmentTeam = WHJ2JK5E8R;
					};
				};
			};
			buildConfigurationList = 1069A51C1C3C4A580018D28F /* Build configuration list for PBXProject "PubFeed" */;
			compatibilityVersion = "Xcode 3.2";
			developmentRegion = English;
			hasScannedForEncodings = 0;
			knownRegions = (
				en,
				Base,
			);
			mainGroup = 1069A5181C3C4A580018D28F;
			productRefGroup = 1069A5221C3C4A580018D28F /* Products */;
			projectDirPath = "";
			projectRoot = "";
			targets = (
				1069A5201C3C4A580018D28F /* PubFeed */,
			);
		};
/* End PBXProject section */

/* Begin PBXResourcesBuildPhase section */
		1069A51F1C3C4A580018D28F /* Resources */ = {
			isa = PBXResourcesBuildPhase;
			buildActionMask = 2147483647;
			files = (
				1069A52F1C3C4A580018D28F /* LaunchScreen.storyboard in Resources */,
				1069A52C1C3C4A580018D28F /* Assets.xcassets in Resources */,
				1069A52A1C3C4A580018D28F /* Main.storyboard in Resources */,
			);
			runOnlyForDeploymentPostprocessing = 0;
		};
/* End PBXResourcesBuildPhase section */

/* Begin PBXShellScriptBuildPhase section */
		9E52E6E7963E654483C4D49F /* Check Pods Manifest.lock */ = {
			isa = PBXShellScriptBuildPhase;
			buildActionMask = 2147483647;
			files = (
			);
			inputPaths = (
			);
			name = "Check Pods Manifest.lock";
			outputPaths = (
			);
			runOnlyForDeploymentPostprocessing = 0;
			shellPath = /bin/sh;
			shellScript = "diff \"${PODS_ROOT}/../Podfile.lock\" \"${PODS_ROOT}/Manifest.lock\" > /dev/null\nif [[ $? != 0 ]] ; then\n    cat << EOM\nerror: The sandbox is not in sync with the Podfile.lock. Run 'pod install' or update your CocoaPods installation.\nEOM\n    exit 1\nfi\n";
			showEnvVarsInLog = 0;
		};
		CDBBFA8FA062E5CF953CCF58 /* Embed Pods Frameworks */ = {
			isa = PBXShellScriptBuildPhase;
			buildActionMask = 2147483647;
			files = (
			);
			inputPaths = (
			);
			name = "Embed Pods Frameworks";
			outputPaths = (
			);
			runOnlyForDeploymentPostprocessing = 0;
			shellPath = /bin/sh;
			shellScript = "\"${SRCROOT}/Pods/Target Support Files/Pods/Pods-frameworks.sh\"\n";
			showEnvVarsInLog = 0;
		};
		D7E40830383D4AC055643F9E /* Copy Pods Resources */ = {
			isa = PBXShellScriptBuildPhase;
			buildActionMask = 2147483647;
			files = (
			);
			inputPaths = (
			);
			name = "Copy Pods Resources";
			outputPaths = (
			);
			runOnlyForDeploymentPostprocessing = 0;
			shellPath = /bin/sh;
			shellScript = "\"${SRCROOT}/Pods/Target Support Files/Pods/Pods-resources.sh\"\n";
			showEnvVarsInLog = 0;
		};
/* End PBXShellScriptBuildPhase section */

/* Begin PBXSourcesBuildPhase section */
		1069A51D1C3C4A580018D28F /* Sources */ = {
			isa = PBXSourcesBuildPhase;
			buildActionMask = 2147483647;
			files = (
				1069A54C1C3D92100018D28F /* CommentTableViewCell.swift in Sources */,
				DED6E5B81C3DBFFC005E17D8 /* CommentController.swift in Sources */,
				E67F0F211C3DB69A00785F12 /* DateExtension.swift in Sources */,
				0237966A1C4421FC0090B858 /* GeoFireProtocol.swift in Sources */,
				1069A53A1C3D81CE0018D28F /* SignupViewController.swift in Sources */,
				1069A5451C3D84270018D28F /* SelectLocationViewController.swift in Sources */,
				1069A5431C3D840F0018D28F /* PostDetailViewController.swift in Sources */,
				1069A53C1C3D82760018D28F /* TabBarController.swift in Sources */,
				028A3E9D1C3F33A400B9FC3F /* GFQuery.m in Sources */,
				1069A5411C3D82A80018D28F /* BarFeedViewController.swift in Sources */,
				DED6E5B31C3DBFE2005E17D8 /* LikeController.swift in Sources */,
				E67F0F181C3DB54600785F12 /* Bar.swift in Sources */,
				02E9B1A01C48132C004627D3 /* DoubleExtension.swift in Sources */,
				1069A5371C3D81B90018D28F /* LoginViewController.swift in Sources */,
				DED6E5CA1C3DF19F005E17D8 /* UIViewControllerExtension.swift in Sources */,
				1069A5491C3D869B0018D28F /* SettingsTableViewController.swift in Sources */,
				028A3E9E1C3F33A400B9FC3F /* GFBase32Utils.m in Sources */,
				E67F0F1C1C3DB60F00785F12 /* Like.swift in Sources */,
				E67F0F1A1C3DB5C700785F12 /* Comment.swift in Sources */,
				E67F0F1E1C3DB61F00785F12 /* Post.swift in Sources */,
				028A3E9F1C3F33A400B9FC3F /* GFGeoHash.m in Sources */,
				DED6E5BD1C3DC752005E17D8 /* ImageController.swift in Sources */,
				DED6E5B91C3DBFFC005E17D8 /* PostController.swift in Sources */,
				02E9B17A1C45EC29004627D3 /* LocationExtension.swift in Sources */,
				1069A53F1C3D82910018D28F /* MapViewController.swift in Sources */,
				100B8DAF1C3EFEF5005C45E4 /* BarController.swift in Sources */,
				028A3EA01C3F33A400B9FC3F /* GFGeoHashQuery.m in Sources */,
				100B8DB51C3F419A005C45E4 /* CustomPin.swift in Sources */,
				E67F0F231C3DB6AB00785F12 /* StringExtension.swift in Sources */,
				DED6E5BA1C3DBFFC005E17D8 /* UserController.swift in Sources */,
				DE6F1F2E1C40762C001E8356 /* AddProfilePhotoViewController.swift in Sources */,
				028A3E9C1C3F33A400B9FC3F /* GeoFire.m in Sources */,
				1069A5471C3D84A40018D28F /* NewPostTableTableViewController.swift in Sources */,
				DED6E5C21C3DE294005E17D8 /* ErrorHandling.swift in Sources */,
				1069A5251C3C4A580018D28F /* AppDelegate.swift in Sources */,
				1069A54E1C3D921F0018D28F /* PostTableViewCell.swift in Sources */,
				100B8DB11C3EFF96005C45E4 /* NetworkController.swift in Sources */,
				DE6F1F2A1C40644E001E8356 /* IntExtension.swift in Sources */,
				0236A3611C3DB41000125BA9 /* FirebaseController.swift in Sources */,
				0236A3711C3F192B00125BA9 /* Error.swift in Sources */,
				E67F0F251C3DB70200785F12 /* User.swift in Sources */,
				DEC8C5CC1C45A0FE00A6C5C1 /* AddCommentTableViewCell.swift in Sources */,
			);
			runOnlyForDeploymentPostprocessing = 0;
		};
/* End PBXSourcesBuildPhase section */

/* Begin PBXVariantGroup section */
		1069A5281C3C4A580018D28F /* Main.storyboard */ = {
			isa = PBXVariantGroup;
			children = (
				1069A5291C3C4A580018D28F /* Base */,
			);
			name = Main.storyboard;
			sourceTree = "<group>";
		};
		1069A52D1C3C4A580018D28F /* LaunchScreen.storyboard */ = {
			isa = PBXVariantGroup;
			children = (
				1069A52E1C3C4A580018D28F /* Base */,
			);
			name = LaunchScreen.storyboard;
			sourceTree = "<group>";
		};
/* End PBXVariantGroup section */

/* Begin XCBuildConfiguration section */
		1069A5311C3C4A580018D28F /* Debug */ = {
			isa = XCBuildConfiguration;
			buildSettings = {
				ALWAYS_SEARCH_USER_PATHS = NO;
				CLANG_CXX_LANGUAGE_STANDARD = "gnu++0x";
				CLANG_CXX_LIBRARY = "libc++";
				CLANG_ENABLE_MODULES = YES;
				CLANG_ENABLE_OBJC_ARC = YES;
				CLANG_WARN_BOOL_CONVERSION = YES;
				CLANG_WARN_CONSTANT_CONVERSION = YES;
				CLANG_WARN_DIRECT_OBJC_ISA_USAGE = YES_ERROR;
				CLANG_WARN_EMPTY_BODY = YES;
				CLANG_WARN_ENUM_CONVERSION = YES;
				CLANG_WARN_INT_CONVERSION = YES;
				CLANG_WARN_OBJC_ROOT_CLASS = YES_ERROR;
				CLANG_WARN_UNREACHABLE_CODE = YES;
				CLANG_WARN__DUPLICATE_METHOD_MATCH = YES;
				"CODE_SIGN_IDENTITY[sdk=iphoneos*]" = "iPhone Developer";
				COPY_PHASE_STRIP = NO;
				DEBUG_INFORMATION_FORMAT = dwarf;
				ENABLE_STRICT_OBJC_MSGSEND = YES;
				ENABLE_TESTABILITY = YES;
				"FRAMEWORK_SEARCH_PATHS[arch=*]" = "";
				GCC_C_LANGUAGE_STANDARD = gnu99;
				GCC_DYNAMIC_NO_PIC = NO;
				GCC_NO_COMMON_BLOCKS = NO;
				GCC_OPTIMIZATION_LEVEL = 0;
				GCC_PREPROCESSOR_DEFINITIONS = (
					"DEBUG=1",
					"$(inherited)",
				);
				GCC_WARN_64_TO_32_BIT_CONVERSION = YES;
				GCC_WARN_ABOUT_RETURN_TYPE = YES_ERROR;
				GCC_WARN_UNDECLARED_SELECTOR = YES;
				GCC_WARN_UNINITIALIZED_AUTOS = YES_AGGRESSIVE;
				GCC_WARN_UNUSED_FUNCTION = YES;
				GCC_WARN_UNUSED_VARIABLE = YES;
				IPHONEOS_DEPLOYMENT_TARGET = 9.1;
				MTL_ENABLE_DEBUG_INFO = YES;
				ONLY_ACTIVE_ARCH = YES;
				SDKROOT = iphoneos;
				SWIFT_OPTIMIZATION_LEVEL = "-Onone";
				TARGETED_DEVICE_FAMILY = "1,2";
			};
			name = Debug;
		};
		1069A5321C3C4A580018D28F /* Release */ = {
			isa = XCBuildConfiguration;
			buildSettings = {
				ALWAYS_SEARCH_USER_PATHS = NO;
				CLANG_CXX_LANGUAGE_STANDARD = "gnu++0x";
				CLANG_CXX_LIBRARY = "libc++";
				CLANG_ENABLE_MODULES = YES;
				CLANG_ENABLE_OBJC_ARC = YES;
				CLANG_WARN_BOOL_CONVERSION = YES;
				CLANG_WARN_CONSTANT_CONVERSION = YES;
				CLANG_WARN_DIRECT_OBJC_ISA_USAGE = YES_ERROR;
				CLANG_WARN_EMPTY_BODY = YES;
				CLANG_WARN_ENUM_CONVERSION = YES;
				CLANG_WARN_INT_CONVERSION = YES;
				CLANG_WARN_OBJC_ROOT_CLASS = YES_ERROR;
				CLANG_WARN_UNREACHABLE_CODE = YES;
				CLANG_WARN__DUPLICATE_METHOD_MATCH = YES;
				"CODE_SIGN_IDENTITY[sdk=iphoneos*]" = "iPhone Developer";
				COPY_PHASE_STRIP = NO;
				DEBUG_INFORMATION_FORMAT = "dwarf-with-dsym";
				ENABLE_NS_ASSERTIONS = NO;
				ENABLE_STRICT_OBJC_MSGSEND = YES;
				GCC_C_LANGUAGE_STANDARD = gnu99;
				GCC_NO_COMMON_BLOCKS = NO;
				GCC_WARN_64_TO_32_BIT_CONVERSION = YES;
				GCC_WARN_ABOUT_RETURN_TYPE = YES_ERROR;
				GCC_WARN_UNDECLARED_SELECTOR = YES;
				GCC_WARN_UNINITIALIZED_AUTOS = YES_AGGRESSIVE;
				GCC_WARN_UNUSED_FUNCTION = YES;
				GCC_WARN_UNUSED_VARIABLE = YES;
				IPHONEOS_DEPLOYMENT_TARGET = 9.1;
				MTL_ENABLE_DEBUG_INFO = NO;
				SDKROOT = iphoneos;
				TARGETED_DEVICE_FAMILY = "1,2";
				VALIDATE_PRODUCT = YES;
			};
			name = Release;
		};
		1069A5341C3C4A580018D28F /* Debug */ = {
			isa = XCBuildConfiguration;
			baseConfigurationReference = 1C724CBDC9338D547B6CD7A3 /* Pods.debug.xcconfig */;
			buildSettings = {
				ASSETCATALOG_COMPILER_APPICON_NAME = AppIcon;
				CLANG_ENABLE_MODULES = YES;
				CODE_SIGN_IDENTITY = "iPhone Developer";
				FRAMEWORK_SEARCH_PATHS = (
					"$(inherited)",
					"$(PROJECT_DIR)",
				);
				HEADER_SEARCH_PATHS = "";
				INFOPLIST_FILE = PubFeed/Info.plist;
				IPHONEOS_DEPLOYMENT_TARGET = 9.0;
				LD_RUNPATH_SEARCH_PATHS = "$(inherited) @executable_path/Frameworks";
				PRODUCT_BUNDLE_IDENTIFIER = com.DevMountain.PubFeed;
				PRODUCT_NAME = "$(TARGET_NAME)";
				SWIFT_OBJC_BRIDGING_HEADER = "PubFeed/PubFeed-Bridging-Header.h";
				SWIFT_OPTIMIZATION_LEVEL = "-Onone";
				TARGETED_DEVICE_FAMILY = 1;
			};
			name = Debug;
		};
		1069A5351C3C4A580018D28F /* Release */ = {
			isa = XCBuildConfiguration;
			baseConfigurationReference = EC380EC15DACCA1F388C2727 /* Pods.release.xcconfig */;
			buildSettings = {
				ASSETCATALOG_COMPILER_APPICON_NAME = AppIcon;
				CLANG_ENABLE_MODULES = YES;
				CODE_SIGN_IDENTITY = "iPhone Developer";
				FRAMEWORK_SEARCH_PATHS = (
					"$(inherited)",
					"$(PROJECT_DIR)",
				);
				HEADER_SEARCH_PATHS = "";
				INFOPLIST_FILE = PubFeed/Info.plist;
				IPHONEOS_DEPLOYMENT_TARGET = 9.0;
				LD_RUNPATH_SEARCH_PATHS = "$(inherited) @executable_path/Frameworks";
				PRODUCT_BUNDLE_IDENTIFIER = com.DevMountain.PubFeed;
				PRODUCT_NAME = "$(TARGET_NAME)";
				SWIFT_OBJC_BRIDGING_HEADER = "PubFeed/PubFeed-Bridging-Header.h";
				TARGETED_DEVICE_FAMILY = 1;
			};
			name = Release;
		};
/* End XCBuildConfiguration section */

/* Begin XCConfigurationList section */
		1069A51C1C3C4A580018D28F /* Build configuration list for PBXProject "PubFeed" */ = {
			isa = XCConfigurationList;
			buildConfigurations = (
				1069A5311C3C4A580018D28F /* Debug */,
				1069A5321C3C4A580018D28F /* Release */,
			);
			defaultConfigurationIsVisible = 0;
			defaultConfigurationName = Release;
		};
		1069A5331C3C4A580018D28F /* Build configuration list for PBXNativeTarget "PubFeed" */ = {
			isa = XCConfigurationList;
			buildConfigurations = (
				1069A5341C3C4A580018D28F /* Debug */,
				1069A5351C3C4A580018D28F /* Release */,
			);
			defaultConfigurationIsVisible = 0;
			defaultConfigurationName = Release;
		};
/* End XCConfigurationList section */
	};
	rootObject = 1069A5191C3C4A580018D28F /* Project object */;
}
